
Microsoft Visual Studio Solution File, Format Version 12.00
# Visual Studio Version 16
VisualStudioVersion = 16.0.31313.79
MinimumVisualStudioVersion = 10.0.40219.1
Project("{FAE04EC0-301F-11D3-BF4B-00C04F79EFBC}") = "HumanResourcesDepartment_PracticeExam", "HumanResourcesDepartment_PracticeExam\HumanResourcesDepartment_PracticeExam.csproj", "{75816BB0-07DC-447F-A983-E187469C8082}"
EndProject
Global
	GlobalSection(SolutionConfigurationPlatforms) = preSolution
		Debug|Any CPU = Debug|Any CPU
		Release|Any CPU = Release|Any CPU
	EndGlobalSection
	GlobalSection(ProjectConfigurationPlatforms) = postSolution
		{75816BB0-07DC-447F-A983-E187469C8082}.Debug|Any CPU.ActiveCfg = Debug|Any CPU
		{75816BB0-07DC-447F-A983-E187469C8082}.Debug|Any CPU.Build.0 = Debug|Any CPU
		{75816BB0-07DC-447F-A983-E187469C8082}.Release|Any CPU.ActiveCfg = Release|Any CPU
		{75816BB0-07DC-447F-A983-E187469C8082}.Release|Any CPU.Build.0 = Release|Any CPU
	EndGlobalSection
	GlobalSection(SolutionProperties) = preSolution
		HideSolutionNode = FALSE
	EndGlobalSection
	GlobalSection(ExtensibilityGlobals) = postSolution
		SolutionGuid = {70E71639-7064-45E1-8350-64112F71488E}
	EndGlobalSection
EndGlobal
